version = 1
revision = 3
requires-python = ">=3.14"

[options]
exclude-newer = "2026-04-25T08:18:37.60788Z"
exclude-newer-span = "P1W"

[[package]]
name = "basedpyright"
version = "1.37.4"
source = { registry = "https://pypi.org/simple" }
dependencies = [
    { name = "nodejs-wheel-binaries" },
]
sdist = { url = "https://files.pythonhosted.org/packages/5a/15/8f335ed50b5fed4d7587e293c200bb498049f4a74d9913c58c26a42d3503/basedpyright-1.37.4.tar.gz", hash = "sha256:f818d8b56c1e7f639dfbdaf875aa6b0bd53eef08204389959027d3d7fb2017ed", size = 25238593, upload-time = "2026-02-04T02:57:15.893Z" }
wheels = [
    { url = "https://files.pythonhosted.org/packages/20/b6/f075ecdc60a3e389c32934a98171b7f5c6f12250fc0030e12efc1102a557/basedpyright-1.37.4-py3-none-any.whl", hash = "sha256:bcf61d7d8dbd4570f346008fa591585bd605ce47a0561509899c276f2e53a450", size = 12299643, upload-time = "2026-02-04T02:57:19.915Z" },
]

[[package]]
name = "colorama"
version = "0.4.6"
source = { registry = "https://pypi.org/simple" }
sdist = { url = "https://files.pythonhosted.org/packages/d8/53/6f443c9a4a8358a93a6792e2acffb9d9d5cb0a5cfd8802644b7b1c9a02e4/colorama-0.4.6.tar.gz", hash = "sha256:08695f5cb7ed6e0531a20572697297273c47b8cae5a63ffc6d6ed5c201be6e44", size = 27697, upload-time = "2022-10-25T02:36:22.414Z" }
wheels = [
    { url = "https://files.pythonhosted.org/packages/d1/d6/3965ed04c63042e047cb6a3e6ed1a63a35087b6a609aa3a15ed8ac56c221/colorama-0.4.6-py2.py3-none-any.whl", hash = "sha256:4f1d9991f5acc0ca119f9d443620b77f9d6b33703e51011c16baf57afb285fc6", size = 25335, upload-time = "2022-10-25T02:36:20.889Z" },
]

[[package]]
name = "coverage"
version = "7.13.3"
source = { registry = "https://pypi.org/simple" }
sdist = { url = "https://files.pythonhosted.org/packages/11/43/3e4ac666cc35f231fa70c94e9f38459299de1a152813f9d2f60fc5f3ecaf/coverage-7.13.3.tar.gz", hash = "sha256:f7f6182d3dfb8802c1747eacbfe611b669455b69b7c037484bb1efbbb56711ac", size = 826832, upload-time = "2026-02-03T14:02:30.944Z" }
wheels = [
    { url = "https://files.pythonhosted.org/packages/5e/b3/677bb43427fed9298905106f39c6520ac75f746f81b8f01104526a8026e4/coverage-7.13.3-cp314-cp314-macosx_10_15_x86_64.whl", hash = "sha256:c6f6169bbdbdb85aab8ac0392d776948907267fcc91deeacf6f9d55f7a83ae3b", size = 219513, upload-time = "2026-02-03T14:01:34.29Z" },
    { url = "https://files.pythonhosted.org/packages/42/53/290046e3bbf8986cdb7366a42dab3440b9983711eaff044a51b11006c67b/coverage-7.13.3-cp314-cp314-macosx_11_0_arm64.whl", hash = "sha256:2f5e731627a3d5ef11a2a35aa0c6f7c435867c7ccbc391268eb4f2ca5dbdcc10", size = 219850, upload-time = "2026-02-03T14:01:35.984Z" },
    { url = "https://files.pythonhosted.org/packages/ea/2b/ab41f10345ba2e49d5e299be8663be2b7db33e77ac1b85cd0af985ea6406/coverage-7.13.3-cp314-cp314-manylinux1_i686.manylinux_2_28_i686.manylinux_2_5_i686.whl", hash = "sha256:9db3a3285d91c0b70fab9f39f0a4aa37d375873677efe4e71e58d8321e8c5d39", size = 250886, upload-time = "2026-02-03T14:01:38.287Z" },
    { url = "https://files.pythonhosted.org/packages/72/2d/b3f6913ee5a1d5cdd04106f257e5fac5d048992ffc2d9995d07b0f17739f/coverage-7.13.3-cp314-cp314-manylinux1_x86_64.manylinux_2_28_x86_64.manylinux_2_5_x86_64.whl", hash = "sha256:06e49c5897cb12e3f7ecdc111d44e97c4f6d0557b81a7a0204ed70a8b038f86f", size = 253393, upload-time = "2026-02-03T14:01:40.118Z" },
    { url = "https://files.pythonhosted.org/packages/f0/f6/b1f48810ffc6accf49a35b9943636560768f0812330f7456aa87dc39aff5/coverage-7.13.3-cp314-cp314-manylinux2014_aarch64.manylinux_2_17_aarch64.manylinux_2_28_aarch64.whl", hash = "sha256:fb25061a66802df9fc13a9ba1967d25faa4dae0418db469264fd9860a921dde4", size = 254740, upload-time = "2026-02-03T14:01:42.413Z" },
    { url = "https://files.pythonhosted.org/packages/57/d0/e59c54f9be0b61808f6bc4c8c4346bd79f02dd6bbc3f476ef26124661f20/coverage-7.13.3-cp314-cp314-manylinux_2_31_riscv64.manylinux_2_39_riscv64.whl", hash = "sha256:99fee45adbb1caeb914da16f70e557fb7ff6ddc9e4b14de665bd41af631367ef", size = 250905, upload-time = "2026-02-03T14:01:44.163Z" },
    { url = "https://files.pythonhosted.org/packages/d5/f7/5291bcdf498bafbee3796bb32ef6966e9915aebd4d0954123c8eae921c32/coverage-7.13.3-cp314-cp314-musllinux_1_2_aarch64.whl", hash = "sha256:318002f1fd819bdc1651c619268aa5bc853c35fa5cc6d1e8c96bd9cd6c828b75", size = 252753, upload-time = "2026-02-03T14:01:45.974Z" },
    { url = "https://files.pythonhosted.org/packages/a0/a9/1dcafa918c281554dae6e10ece88c1add82db685be123e1b05c2056ff3fb/coverage-7.13.3-cp314-cp314-musllinux_1_2_i686.whl", hash = "sha256:71295f2d1d170b9977dc386d46a7a1b7cbb30e5405492529b4c930113a33f895", size = 250716, upload-time = "2026-02-03T14:01:48.844Z" },
    { url = "https://files.pythonhosted.org/packages/44/bb/4ea4eabcce8c4f6235df6e059fbc5db49107b24c4bdffc44aee81aeca5a8/coverage-7.13.3-cp314-cp314-musllinux_1_2_riscv64.whl", hash = "sha256:5b1ad2e0dc672625c44bc4fe34514602a9fd8b10d52ddc414dc585f74453516c", size = 250530, upload-time = "2026-02-03T14:01:50.793Z" },
    { url = "https://files.pythonhosted.org/packages/6d/31/4a6c9e6a71367e6f923b27b528448c37f4e959b7e4029330523014691007/coverage-7.13.3-cp314-cp314-musllinux_1_2_x86_64.whl", hash = "sha256:b2beb64c145593a50d90db5c7178f55daeae129123b0d265bdb3cbec83e5194a", size = 252186, upload-time = "2026-02-03T14:01:52.607Z" },
    { url = "https://files.pythonhosted.org/packages/27/92/e1451ef6390a4f655dc42da35d9971212f7abbbcad0bdb7af4407897eb76/coverage-7.13.3-cp314-cp314-win32.whl", hash = "sha256:3d1aed4f4e837a832df2f3b4f68a690eede0de4560a2dbc214ea0bc55aabcdb4", size = 222253, upload-time = "2026-02-03T14:01:55.071Z" },
    { url = "https://files.pythonhosted.org/packages/8a/98/78885a861a88de020c32a2693487c37d15a9873372953f0c3c159d575a43/coverage-7.13.3-cp314-cp314-win_amd64.whl", hash = "sha256:9f9efbbaf79f935d5fbe3ad814825cbce4f6cdb3054384cb49f0c0f496125fa0", size = 223069, upload-time = "2026-02-03T14:01:56.95Z" },
    { url = "https://files.pythonhosted.org/packages/eb/fb/3784753a48da58a5337972abf7ca58b1fb0f1bda21bc7b4fae992fd28e47/coverage-7.13.3-cp314-cp314-win_arm64.whl", hash = "sha256:31b6e889c53d4e6687ca63706148049494aace140cffece1c4dc6acadb70a7b3", size = 221633, upload-time = "2026-02-03T14:01:58.758Z" },
    { url = "https://files.pythonhosted.org/packages/40/f9/75b732d9674d32cdbffe801ed5f770786dd1c97eecedef2125b0d25102dc/coverage-7.13.3-cp314-cp314t-macosx_10_15_x86_64.whl", hash = "sha256:c5e9787cec750793a19a28df7edd85ac4e49d3fb91721afcdc3b86f6c08d9aa8", size = 220243, upload-time = "2026-02-03T14:02:01.109Z" },
    { url = "https://files.pythonhosted.org/packages/cf/7e/2868ec95de5a65703e6f0c87407ea822d1feb3619600fbc3c1c4fa986090/coverage-7.13.3-cp314-cp314t-macosx_11_0_arm64.whl", hash = "sha256:e5b86db331c682fd0e4be7098e6acee5e8a293f824d41487c667a93705d415ca", size = 220515, upload-time = "2026-02-03T14:02:02.862Z" },
    { url = "https://files.pythonhosted.org/packages/7d/eb/9f0d349652fced20bcaea0f67fc5777bd097c92369f267975732f3dc5f45/coverage-7.13.3-cp314-cp314t-manylinux1_i686.manylinux_2_28_i686.manylinux_2_5_i686.whl", hash = "sha256:edc7754932682d52cf6e7a71806e529ecd5ce660e630e8bd1d37109a2e5f63ba", size = 261874, upload-time = "2026-02-03T14:02:04.727Z" },
    { url = "https://files.pythonhosted.org/packages/ee/a5/6619bc4a6c7b139b16818149a3e74ab2e21599ff9a7b6811b6afde99f8ec/coverage-7.13.3-cp314-cp314t-manylinux1_x86_64.manylinux_2_28_x86_64.manylinux_2_5_x86_64.whl", hash = "sha256:d3a16d6398666510a6886f67f43d9537bfd0e13aca299688a19daa84f543122f", size = 264004, upload-time = "2026-02-03T14:02:06.634Z" },
    { url = "https://files.pythonhosted.org/packages/29/b7/90aa3fc645a50c6f07881fca4fd0ba21e3bfb6ce3a7078424ea3a35c74c9/coverage-7.13.3-cp314-cp314t-manylinux2014_aarch64.manylinux_2_17_aarch64.manylinux_2_28_aarch64.whl", hash = "sha256:303d38b19626c1981e1bb067a9928236d88eb0e4479b18a74812f05a82071508", size = 266408, upload-time = "2026-02-03T14:02:09.037Z" },
    { url = "https://files.pythonhosted.org/packages/62/55/08bb2a1e4dcbae384e638f0effef486ba5987b06700e481691891427d879/coverage-7.13.3-cp314-cp314t-manylinux_2_31_riscv64.manylinux_2_39_riscv64.whl", hash = "sha256:284e06eadfe15ddfee2f4ee56631f164ef897a7d7d5a15bca5f0bb88889fc5ba", size = 260977, upload-time = "2026-02-03T14:02:11.755Z" },
    { url = "https://files.pythonhosted.org/packages/9b/76/8bd4ae055a42d8fb5dd2230e5cf36ff2e05f85f2427e91b11a27fea52ed7/coverage-7.13.3-cp314-cp314t-musllinux_1_2_aarch64.whl", hash = "sha256:d401f0864a1d3198422816878e4e84ca89ec1c1bf166ecc0ae01380a39b888cd", size = 263868, upload-time = "2026-02-03T14:02:13.565Z" },
    { url = "https://files.pythonhosted.org/packages/e3/f9/ba000560f11e9e32ec03df5aa8477242c2d95b379c99ac9a7b2e7fbacb1a/coverage-7.13.3-cp314-cp314t-musllinux_1_2_i686.whl", hash = "sha256:3f379b02c18a64de78c4ccdddf1c81c2c5ae1956c72dacb9133d7dd7809794ab", size = 261474, upload-time = "2026-02-03T14:02:16.069Z" },
    { url = "https://files.pythonhosted.org/packages/90/4b/4de4de8f9ca7af4733bfcf4baa440121b7dbb3856daf8428ce91481ff63b/coverage-7.13.3-cp314-cp314t-musllinux_1_2_riscv64.whl", hash = "sha256:7a482f2da9086971efb12daca1d6547007ede3674ea06e16d7663414445c683e", size = 260317, upload-time = "2026-02-03T14:02:17.996Z" },
    { url = "https://files.pythonhosted.org/packages/05/71/5cd8436e2c21410ff70be81f738c0dddea91bcc3189b1517d26e0102ccb3/coverage-7.13.3-cp314-cp314t-musllinux_1_2_x86_64.whl", hash = "sha256:562136b0d401992118d9b49fbee5454e16f95f85b120a4226a04d816e33fe024", size = 262635, upload-time = "2026-02-03T14:02:20.405Z" },
    { url = "https://files.pythonhosted.org/packages/e7/f8/2834bb45bdd70b55a33ec354b8b5f6062fc90e5bb787e14385903a979503/coverage-7.13.3-cp314-cp314t-win32.whl", hash = "sha256:ca46e5c3be3b195098dd88711890b8011a9fa4feca942292bb84714ce5eab5d3", size = 223035, upload-time = "2026-02-03T14:02:22.323Z" },
    { url = "https://files.pythonhosted.org/packages/26/75/f8290f0073c00d9ae14056d2b84ab92dff21d5370e464cb6cb06f52bf580/coverage-7.13.3-cp314-cp314t-win_amd64.whl", hash = "sha256:06d316dbb3d9fd44cca05b2dbcfbef22948493d63a1f28e828d43e6cc505fed8", size = 224142, upload-time = "2026-02-03T14:02:24.143Z" },
    { url = "https://files.pythonhosted.org/packages/03/01/43ac78dfea8946c4a9161bbc034b5549115cb2b56781a4b574927f0d141a/coverage-7.13.3-cp314-cp314t-win_arm64.whl", hash = "sha256:299d66e9218193f9dc6e4880629ed7c4cd23486005166247c283fb98531656c3", size = 222166, upload-time = "2026-02-03T14:02:26.005Z" },
    { url = "https://files.pythonhosted.org/packages/7d/fb/70af542d2d938c778c9373ce253aa4116dbe7c0a5672f78b2b2ae0e1b94b/coverage-7.13.3-py3-none-any.whl", hash = "sha256:90a8af9dba6429b2573199622d72e0ebf024d6276f16abce394ad4d181bb0910", size = 211237, upload-time = "2026-02-03T14:02:27.986Z" },
]

[[package]]
name = "iniconfig"
version = "2.1.0"
source = { registry = "https://pypi.org/simple" }
sdist = { url = "https://files.pythonhosted.org/packages/f2/97/ebf4da567aa6827c909642694d71c9fcf53e5b504f2d96afea02718862f3/iniconfig-2.1.0.tar.gz", hash = "sha256:3abbd2e30b36733fee78f9c7f7308f2d0050e88f0087fd25c2645f63c773e1c7", size = 4793, upload-time = "2025-03-19T20:09:59.721Z" }
wheels = [
    { url = "https://files.pythonhosted.org/packages/2c/e1/e6716421ea10d38022b952c159d5161ca1193197fb744506875fbb87ea7b/iniconfig-2.1.0-py3-none-any.whl", hash = "sha256:9deba5723312380e77435581c6bf4935c94cbfab9b1ed33ef8d238ea168eb760", size = 6050, upload-time = "2025-03-19T20:10:01.071Z" },
]

[[package]]
name = "lsimons-auto"
version = "0.1.0"
source = { editable = "." }
dependencies = [
    { name = "pillow" },
]

[package.dev-dependencies]
dev = [
    { name = "basedpyright" },
    { name = "pytest" },
    { name = "pytest-cov" },
    { name = "ruff" },
]

[package.metadata]
requires-dist = [{ name = "pillow", specifier = ">=10.0.0" }]

[package.metadata.requires-dev]
dev = [
    { name = "basedpyright", specifier = ">=1.22.0" },
    { name = "pytest", specifier = ">=8.0.0" },
    { name = "pytest-cov", specifier = ">=7.0.0" },
    { name = "ruff", specifier = ">=0.8.0" },
]

[[package]]
name = "nodejs-wheel-binaries"
version = "24.13.0"
source = { registry = "https://pypi.org/simple" }
sdist = { url = "https://files.pythonhosted.org/packages/b7/f1/73182280e2c05f49a7c2c8dbd46144efe3f74f03f798fb90da67b4a93bbf/nodejs_wheel_binaries-24.13.0.tar.gz", hash = "sha256:766aed076e900061b83d3e76ad48bfec32a035ef0d41bd09c55e832eb93ef7a4", size = 8056, upload-time = "2026-01-14T11:05:33.653Z" }
wheels = [
    { url = "https://files.pythonhosted.org/packages/c4/dc/4d7548aa74a5b446d093f03aff4fb236b570959d793f21c9c42ab6ad870a/nodejs_wheel_binaries-24.13.0-py2.py3-none-macosx_13_0_arm64.whl", hash = "sha256:356654baa37bfd894e447e7e00268db403ea1d223863963459a0fbcaaa1d9d48", size = 55133268, upload-time = "2026-01-14T11:05:05.335Z" },
    { url = "https://files.pythonhosted.org/packages/24/8a/8a4454d28339487240dd2232f42f1090e4a58544c581792d427f6239798c/nodejs_wheel_binaries-24.13.0-py2.py3-none-macosx_13_0_x86_64.whl", hash = "sha256:92fdef7376120e575f8b397789bafcb13bbd22a1b4d21b060d200b14910f22a5", size = 55314800, upload-time = "2026-01-14T11:05:09.121Z" },
    { url = "https://files.pythonhosted.org/packages/e7/fb/46c600fcc748bd13bc536a735f11532a003b14f5c4dfd6865f5911672175/nodejs_wheel_binaries-24.13.0-py2.py3-none-manylinux_2_28_aarch64.whl", hash = "sha256:3f619ac140e039ecd25f2f71d6e83ad1414017a24608531851b7c31dc140cdfd", size = 59666320, upload-time = "2026-01-14T11:05:12.369Z" },
    { url = "https://files.pythonhosted.org/packages/85/47/d48f11fc5d1541ace5d806c62a45738a1db9ce33e85a06fe4cd3d9ce83f6/nodejs_wheel_binaries-24.13.0-py2.py3-none-manylinux_2_28_x86_64.whl", hash = "sha256:dfb31ebc2c129538192ddb5bedd3d63d6de5d271437cd39ea26bf3fe229ba430", size = 60162447, upload-time = "2026-01-14T11:05:16.003Z" },
    { url = "https://files.pythonhosted.org/packages/b1/74/d285c579ae8157c925b577dde429543963b845e69cd006549e062d1cf5b6/nodejs_wheel_binaries-24.13.0-py2.py3-none-musllinux_1_2_aarch64.whl", hash = "sha256:fdd720d7b378d5bb9b2710457bbc880d4c4d1270a94f13fbe257198ac707f358", size = 61659994, upload-time = "2026-01-14T11:05:19.68Z" },
    { url = "https://files.pythonhosted.org/packages/ba/97/88b4254a2ff93ed2eaed725f77b7d3d2d8d7973bf134359ce786db894faf/nodejs_wheel_binaries-24.13.0-py2.py3-none-musllinux_1_2_x86_64.whl", hash = "sha256:9ad6383613f3485a75b054647a09f1cd56d12380d7459184eebcf4a5d403f35c", size = 62244373, upload-time = "2026-01-14T11:05:23.987Z" },
    { url = "https://files.pythonhosted.org/packages/4e/c3/0e13a3da78f08cb58650971a6957ac7bfef84164b405176e53ab1e3584e2/nodejs_wheel_binaries-24.13.0-py2.py3-none-win_amd64.whl", hash = "sha256:605be4763e3ef427a3385a55da5a1bcf0a659aa2716eebbf23f332926d7e5f23", size = 41345528, upload-time = "2026-01-14T11:05:27.67Z" },
    { url = "https://files.pythonhosted.org/packages/a3/f1/0578d65b4e3dc572967fd702221ea1f42e1e60accfb6b0dd8d8f15410139/nodejs_wheel_binaries-24.13.0-py2.py3-none-win_arm64.whl", hash = "sha256:2e3431d869d6b2dbeef1d469ad0090babbdcc8baaa72c01dd3cc2c6121c96af5", size = 39054688, upload-time = "2026-01-14T11:05:30.739Z" },
]

[[package]]
name = "packaging"
version = "25.0"
source = { registry = "https://pypi.org/simple" }
sdist = { url = "https://files.pythonhosted.org/packages/a1/d4/1fc4078c65507b51b96ca8f8c3ba19e6a61c8253c72794544580a7b6c24d/packaging-25.0.tar.gz", hash = "sha256:d443872c98d677bf60f6a1f2f8c1cb748e8fe762d2bf9d3148b5599295b0fc4f", size = 165727, upload-time = "2025-04-19T11:48:59.673Z" }
wheels = [
    { url = "https://files.pythonhosted.org/packages/20/12/38679034af332785aac8774540895e234f4d07f7545804097de4b666afd8/packaging-25.0-py3-none-any.whl", hash = "sha256:29572ef2b1f17581046b3a2227d5c611fb25ec70ca1ba8554b24b0e69331a484", size = 66469, upload-time = "2025-04-19T11:48:57.875Z" },
]

[[package]]
name = "pillow"
version = "11.3.0"
source = { registry = "https://pypi.org/simple" }
sdist = { url = "https://files.pythonhosted.org/packages/f3/0d/d0d6dea55cd152ce3d6767bb38a8fc10e33796ba4ba210cbab9354b6d238/pillow-11.3.0.tar.gz", hash = "sha256:3828ee7586cd0b2091b6209e5ad53e20d0649bbe87164a459d0676e035e8f523", size = 47113069, upload-time = "2025-07-01T09:16:30.666Z" }
wheels = [
    { url = "https://files.pythonhosted.org/packages/73/f4/04905af42837292ed86cb1b1dabe03dce1edc008ef14c473c5c7e1443c5d/pillow-11.3.0-cp314-cp314-macosx_10_13_x86_64.whl", hash = "sha256:d9da3df5f9ea2a89b81bb6087177fb1f4d1c7146d583a3fe5c672c0d94e55e12", size = 5278520, upload-time = "2025-07-01T09:15:17.429Z" },
    { url = "https://files.pythonhosted.org/packages/41/b0/33d79e377a336247df6348a54e6d2a2b85d644ca202555e3faa0cf811ecc/pillow-11.3.0-cp314-cp314-macosx_11_0_arm64.whl", hash = "sha256:0b275ff9b04df7b640c59ec5a3cb113eefd3795a8df80bac69646ef699c6981a", size = 4686116, upload-time = "2025-07-01T09:15:19.423Z" },
    { url = "https://files.pythonhosted.org/packages/49/2d/ed8bc0ab219ae8768f529597d9509d184fe8a6c4741a6864fea334d25f3f/pillow-11.3.0-cp314-cp314-manylinux2014_aarch64.manylinux_2_17_aarch64.whl", hash = "sha256:0743841cabd3dba6a83f38a92672cccbd69af56e3e91777b0ee7f4dba4385632", size = 5864597, upload-time = "2025-07-03T13:10:38.404Z" },
    { url = "https://files.pythonhosted.org/packages/b5/3d/b932bb4225c80b58dfadaca9d42d08d0b7064d2d1791b6a237f87f661834/pillow-11.3.0-cp314-cp314-manylinux2014_x86_64.manylinux_2_17_x86_64.whl", hash = "sha256:2465a69cf967b8b49ee1b96d76718cd98c4e925414ead59fdf75cf0fd07df673", size = 7638246, upload-time = "2025-07-03T13:10:44.987Z" },
    { url = "https://files.pythonhosted.org/packages/09/b5/0487044b7c096f1b48f0d7ad416472c02e0e4bf6919541b111efd3cae690/pillow-11.3.0-cp314-cp314-manylinux_2_27_aarch64.manylinux_2_28_aarch64.whl", hash = "sha256:41742638139424703b4d01665b807c6468e23e699e8e90cffefe291c5832b027", size = 5973336, upload-time = "2025-07-01T09:15:21.237Z" },
    { url = "https://files.pythonhosted.org/packages/a8/2d/524f9318f6cbfcc79fbc004801ea6b607ec3f843977652fdee4857a7568b/pillow-11.3.0-cp314-cp314-manylinux_2_27_x86_64.manylinux_2_28_x86_64.whl", hash = "sha256:93efb0b4de7e340d99057415c749175e24c8864302369e05914682ba642e5d77", size = 6642699, upload-time = "2025-07-01T09:15:23.186Z" },
    { url = "https://files.pythonhosted.org/packages/6f/d2/a9a4f280c6aefedce1e8f615baaa5474e0701d86dd6f1dede66726462bbd/pillow-11.3.0-cp314-cp314-musllinux_1_2_aarch64.whl", hash = "sha256:7966e38dcd0fa11ca390aed7c6f20454443581d758242023cf36fcb319b1a874", size = 6083789, upload-time = "2025-07-01T09:15:25.1Z" },
    { url = "https://files.pythonhosted.org/packages/fe/54/86b0cd9dbb683a9d5e960b66c7379e821a19be4ac5810e2e5a715c09a0c0/pillow-11.3.0-cp314-cp314-musllinux_1_2_x86_64.whl", hash = "sha256:98a9afa7b9007c67ed84c57c9e0ad86a6000da96eaa638e4f8abe5b65ff83f0a", size = 6720386, upload-time = "2025-07-01T09:15:27.378Z" },
    { url = "https://files.pythonhosted.org/packages/e7/95/88efcaf384c3588e24259c4203b909cbe3e3c2d887af9e938c2022c9dd48/pillow-11.3.0-cp314-cp314-win32.whl", hash = "sha256:02a723e6bf909e7cea0dac1b0e0310be9d7650cd66222a5f1c571455c0a45214", size = 6370911, upload-time = "2025-07-01T09:15:29.294Z" },
    { url = "https://files.pythonhosted.org/packages/2e/cc/934e5820850ec5eb107e7b1a72dd278140731c669f396110ebc326f2a503/pillow-11.3.0-cp314-cp314-win_amd64.whl", hash = "sha256:a418486160228f64dd9e9efcd132679b7a02a5f22c982c78b6fc7dab3fefb635", size = 7117383, upload-time = "2025-07-01T09:15:31.128Z" },
    { url = "https://files.pythonhosted.org/packages/d6/e9/9c0a616a71da2a5d163aa37405e8aced9a906d574b4a214bede134e731bc/pillow-11.3.0-cp314-cp314-win_arm64.whl", hash = "sha256:155658efb5e044669c08896c0c44231c5e9abcaadbc5cd3648df2f7c0b96b9a6", size = 2511385, upload-time = "2025-07-01T09:15:33.328Z" },
    { url = "https://files.pythonhosted.org/packages/1a/33/c88376898aff369658b225262cd4f2659b13e8178e7534df9e6e1fa289f6/pillow-11.3.0-cp314-cp314t-macosx_10_13_x86_64.whl", hash = "sha256:59a03cdf019efbfeeed910bf79c7c93255c3d54bc45898ac2a4140071b02b4ae", size = 5281129, upload-time = "2025-07-01T09:15:35.194Z" },
    { url = "https://files.pythonhosted.org/packages/1f/70/d376247fb36f1844b42910911c83a02d5544ebd2a8bad9efcc0f707ea774/pillow-11.3.0-cp314-cp314t-macosx_11_0_arm64.whl", hash = "sha256:f8a5827f84d973d8636e9dc5764af4f0cf2318d26744b3d902931701b0d46653", size = 4689580, upload-time = "2025-07-01T09:15:37.114Z" },
    { url = "https://files.pythonhosted.org/packages/eb/1c/537e930496149fbac69efd2fc4329035bbe2e5475b4165439e3be9cb183b/pillow-11.3.0-cp314-cp314t-manylinux2014_aarch64.manylinux_2_17_aarch64.whl", hash = "sha256:ee92f2fd10f4adc4b43d07ec5e779932b4eb3dbfbc34790ada5a6669bc095aa6", size = 5902860, upload-time = "2025-07-03T13:10:50.248Z" },
    { url = "https://files.pythonhosted.org/packages/bd/57/80f53264954dcefeebcf9dae6e3eb1daea1b488f0be8b8fef12f79a3eb10/pillow-11.3.0-cp314-cp314t-manylinux2014_x86_64.manylinux_2_17_x86_64.whl", hash = "sha256:c96d333dcf42d01f47b37e0979b6bd73ec91eae18614864622d9b87bbd5bbf36", size = 7670694, upload-time = "2025-07-03T13:10:56.432Z" },
    { url = "https://files.pythonhosted.org/packages/70/ff/4727d3b71a8578b4587d9c276e90efad2d6fe0335fd76742a6da08132e8c/pillow-11.3.0-cp314-cp314t-manylinux_2_27_aarch64.manylinux_2_28_aarch64.whl", hash = "sha256:4c96f993ab8c98460cd0c001447bff6194403e8b1d7e149ade5f00594918128b", size = 6005888, upload-time = "2025-07-01T09:15:39.436Z" },
    { url = "https://files.pythonhosted.org/packages/05/ae/716592277934f85d3be51d7256f3636672d7b1abfafdc42cf3f8cbd4b4c8/pillow-11.3.0-cp314-cp314t-manylinux_2_27_x86_64.manylinux_2_28_x86_64.whl", hash = "sha256:41342b64afeba938edb034d122b2dda5db2139b9a4af999729ba8818e0056477", size = 6670330, upload-time = "2025-07-01T09:15:41.269Z" },
    { url = "https://files.pythonhosted.org/packages/e7/bb/7fe6cddcc8827b01b1a9766f5fdeb7418680744f9082035bdbabecf1d57f/pillow-11.3.0-cp314-cp314t-musllinux_1_2_aarch64.whl", hash = "sha256:068d9c39a2d1b358eb9f245ce7ab1b5c3246c7c8c7d9ba58cfa5b43146c06e50", size = 6114089, upload-time = "2025-07-01T09:15:43.13Z" },
    { url = "https://files.pythonhosted.org/packages/8b/f5/06bfaa444c8e80f1a8e4bff98da9c83b37b5be3b1deaa43d27a0db37ef84/pillow-11.3.0-cp314-cp314t-musllinux_1_2_x86_64.whl", hash = "sha256:a1bc6ba083b145187f648b667e05a2534ecc4b9f2784c2cbe3089e44868f2b9b", size = 6748206, upload-time = "2025-07-01T09:15:44.937Z" },
    { url = "https://files.pythonhosted.org/packages/f0/77/bc6f92a3e8e6e46c0ca78abfffec0037845800ea38c73483760362804c41/pillow-11.3.0-cp314-cp314t-win32.whl", hash = "sha256:118ca10c0d60b06d006be10a501fd6bbdfef559251ed31b794668ed569c87e12", size = 6377370, upload-time = "2025-07-01T09:15:46.673Z" },
    { url = "https://files.pythonhosted.org/packages/4a/82/3a721f7d69dca802befb8af08b7c79ebcab461007ce1c18bd91a5d5896f9/pillow-11.3.0-cp314-cp314t-win_amd64.whl", hash = "sha256:8924748b688aa210d79883357d102cd64690e56b923a186f35a82cbc10f997db", size = 7121500, upload-time = "2025-07-01T09:15:48.512Z" },
    { url = "https://files.pythonhosted.org/packages/89/c7/5572fa4a3f45740eaab6ae86fcdf7195b55beac1371ac8c619d880cfe948/pillow-11.3.0-cp314-cp314t-win_arm64.whl", hash = "sha256:79ea0d14d3ebad43ec77ad5272e6ff9bba5b679ef73375ea760261207fa8e0aa", size = 2512835, upload-time = "2025-07-01T09:15:50.399Z" },
]

[[package]]
name = "pluggy"
version = "1.6.0"
source = { registry = "https://pypi.org/simple" }
sdist = { url = "https://files.pythonhosted.org/packages/f9/e2/3e91f31a7d2b083fe6ef3fa267035b518369d9511ffab804f839851d2779/pluggy-1.6.0.tar.gz", hash = "sha256:7dcc130b76258d33b90f61b658791dede3486c3e6bfb003ee5c9bfb396dd22f3", size = 69412, upload-time = "2025-05-15T12:30:07.975Z" }
wheels = [
    { url = "https://files.pythonhosted.org/packages/54/20/4d324d65cc6d9205fabedc306948156824eb9f0ee1633355a8f7ec5c66bf/pluggy-1.6.0-py3-none-any.whl", hash = "sha256:e920276dd6813095e9377c0bc5566d94c932c33b27a3e3945d8389c374dd4746", size = 20538, upload-time = "2025-05-15T12:30:06.134Z" },
]

[[package]]
name = "pygments"
version = "2.19.2"
source = { registry = "https://pypi.org/simple" }
sdist = { url = "https://files.pythonhosted.org/packages/b0/77/a5b8c569bf593b0140bde72ea885a803b82086995367bf2037de0159d924/pygments-2.19.2.tar.gz", hash = "sha256:636cb2477cec7f8952536970bc533bc43743542f70392ae026374600add5b887", size = 4968631, upload-time = "2025-06-21T13:39:12.283Z" }
wheels = [
    { url = "https://files.pythonhosted.org/packages/c7/21/705964c7812476f378728bdf590ca4b771ec72385c533964653c68e86bdc/pygments-2.19.2-py3-none-any.whl", hash = "sha256:86540386c03d588bb81d44bc3928634ff26449851e99741617ecb9037ee5ec0b", size = 1225217, upload-time = "2025-06-21T13:39:07.939Z" },
]

[[package]]
name = "pytest"
version = "8.4.2"
source = { registry = "https://pypi.org/simple" }
dependencies = [
    { name = "colorama", marker = "sys_platform == 'win32'" },
    { name = "iniconfig" },
    { name = "packaging" },
    { name = "pluggy" },
    { name = "pygments" },
]
sdist = { url = "https://files.pythonhosted.org/packages/a3/5c/00a0e072241553e1a7496d638deababa67c5058571567b92a7eaa258397c/pytest-8.4.2.tar.gz", hash = "sha256:86c0d0b93306b961d58d62a4db4879f27fe25513d4b969df351abdddb3c30e01", size = 1519618, upload-time = "2025-09-04T14:34:22.711Z" }
wheels = [
    { url = "https://files.pythonhosted.org/packages/a8/a4/20da314d277121d6534b3a980b29035dcd51e6744bd79075a6ce8fa4eb8d/pytest-8.4.2-py3-none-any.whl", hash = "sha256:872f880de3fc3a5bdc88a11b39c9710c3497a547cfa9320bc3c5e62fbf272e79", size = 365750, upload-time = "2025-09-04T14:34:20.226Z" },
]

[[package]]
name = "pytest-cov"
version = "7.0.0"
source = { registry = "https://pypi.org/simple" }
dependencies = [
    { name = "coverage" },
    { name = "pluggy" },
    { name = "pytest" },
]
sdist = { url = "https://files.pythonhosted.org/packages/5e/f7/c933acc76f5208b3b00089573cf6a2bc26dc80a8aece8f52bb7d6b1855ca/pytest_cov-7.0.0.tar.gz", hash = "sha256:33c97eda2e049a0c5298e91f519302a1334c26ac65c1a483d6206fd458361af1", size = 54328, upload-time = "2025-09-09T10:57:02.113Z" }
wheels = [
    { url = "https://files.pythonhosted.org/packages/ee/49/1377b49de7d0c1ce41292161ea0f721913fa8722c19fb9c1e3aa0367eecb/pytest_cov-7.0.0-py3-none-any.whl", hash = "sha256:3b8e9558b16cc1479da72058bdecf8073661c7f57f7d3c5f22a1c23507f2d861", size = 22424, upload-time = "2025-09-09T10:57:00.695Z" },
]

[[package]]
name = "ruff"
version = "0.15.0"
source = { registry = "https://pypi.org/simple" }
sdist = { url = "https://files.pythonhosted.org/packages/c8/39/5cee96809fbca590abea6b46c6d1c586b49663d1d2830a751cc8fc42c666/ruff-0.15.0.tar.gz", hash = "sha256:6bdea47cdbea30d40f8f8d7d69c0854ba7c15420ec75a26f463290949d7f7e9a", size = 4524893, upload-time = "2026-02-03T17:53:35.357Z" }
wheels = [
    { url = "https://files.pythonhosted.org/packages/bc/88/3fd1b0aa4b6330d6aaa63a285bc96c9f71970351579152d231ed90914586/ruff-0.15.0-py3-none-linux_armv6l.whl", hash = "sha256:aac4ebaa612a82b23d45964586f24ae9bc23ca101919f5590bdb368d74ad5455", size = 10354332, upload-time = "2026-02-03T17:52:54.892Z" },
    { url = "https://files.pythonhosted.org/packages/72/f6/62e173fbb7eb75cc29fe2576a1e20f0a46f671a2587b5f604bfb0eaf5f6f/ruff-0.15.0-py3-none-macosx_10_12_x86_64.whl", hash = "sha256:dcd4be7cc75cfbbca24a98d04d0b9b36a270d0833241f776b788d59f4142b14d", size = 10767189, upload-time = "2026-02-03T17:53:19.778Z" },
    { url = "https://files.pythonhosted.org/packages/99/e4/968ae17b676d1d2ff101d56dc69cf333e3a4c985e1ec23803df84fc7bf9e/ruff-0.15.0-py3-none-macosx_11_0_arm64.whl", hash = "sha256:d747e3319b2bce179c7c1eaad3d884dc0a199b5f4d5187620530adf9105268ce", size = 10075384, upload-time = "2026-02-03T17:53:29.241Z" },
    { url = "https://files.pythonhosted.org/packages/a2/bf/9843c6044ab9e20af879c751487e61333ca79a2c8c3058b15722386b8cae/ruff-0.15.0-py3-none-manylinux_2_17_aarch64.manylinux2014_aarch64.whl", hash = "sha256:650bd9c56ae03102c51a5e4b554d74d825ff3abe4db22b90fd32d816c2e90621", size = 10481363, upload-time = "2026-02-03T17:52:43.332Z" },
    { url = "https://files.pythonhosted.org/packages/55/d9/4ada5ccf4cd1f532db1c8d44b6f664f2208d3d93acbeec18f82315e15193/ruff-0.15.0-py3-none-manylinux_2_17_armv7l.manylinux2014_armv7l.whl", hash = "sha256:a6664b7eac559e3048223a2da77769c2f92b43a6dfd4720cef42654299a599c9", size = 10187736, upload-time = "2026-02-03T17:53:00.522Z" },
    { url = "https://files.pythonhosted.org/packages/86/e2/f25eaecd446af7bb132af0a1d5b135a62971a41f5366ff41d06d25e77a91/ruff-0.15.0-py3-none-manylinux_2_17_i686.manylinux2014_i686.whl", hash = "sha256:6f811f97b0f092b35320d1556f3353bf238763420ade5d9e62ebd2b73f2ff179", size = 10968415, upload-time = "2026-02-03T17:53:15.705Z" },
    { url = "https://files.pythonhosted.org/packages/e7/dc/f06a8558d06333bf79b497d29a50c3a673d9251214e0d7ec78f90b30aa79/ruff-0.15.0-py3-none-manylinux_2_17_ppc64le.manylinux2014_ppc64le.whl", hash = "sha256:761ec0a66680fab6454236635a39abaf14198818c8cdf691e036f4bc0f406b2d", size = 11809643, upload-time = "2026-02-03T17:53:23.031Z" },
    { url = "https://files.pythonhosted.org/packages/dd/45/0ece8db2c474ad7df13af3a6d50f76e22a09d078af63078f005057ca59eb/ruff-0.15.0-py3-none-manylinux_2_17_s390x.manylinux2014_s390x.whl", hash = "sha256:940f11c2604d317e797b289f4f9f3fa5555ffe4fb574b55ed006c3d9b6f0eb78", size = 11234787, upload-time = "2026-02-03T17:52:46.432Z" },
    { url = "https://files.pythonhosted.org/packages/8a/d9/0e3a81467a120fd265658d127db648e4d3acfe3e4f6f5d4ea79fac47e587/ruff-0.15.0-py3-none-manylinux_2_17_x86_64.manylinux2014_x86_64.whl", hash = "sha256:bcbca3d40558789126da91d7ef9a7c87772ee107033db7191edefa34e2c7f1b4", size = 11112797, upload-time = "2026-02-03T17:52:49.274Z" },
    { url = "https://files.pythonhosted.org/packages/b2/cb/8c0b3b0c692683f8ff31351dfb6241047fa873a4481a76df4335a8bff716/ruff-0.15.0-py3-none-manylinux_2_31_riscv64.whl", hash = "sha256:9a121a96db1d75fa3eb39c4539e607f628920dd72ff1f7c5ee4f1b768ac62d6e", size = 11033133, upload-time = "2026-02-03T17:53:33.105Z" },
    { url = "https://files.pythonhosted.org/packages/f8/5e/23b87370cf0f9081a8c89a753e69a4e8778805b8802ccfe175cc410e50b9/ruff-0.15.0-py3-none-musllinux_1_2_aarch64.whl", hash = "sha256:5298d518e493061f2eabd4abd067c7e4fb89e2f63291c94332e35631c07c3662", size = 10442646, upload-time = "2026-02-03T17:53:06.278Z" },
    { url = "https://files.pythonhosted.org/packages/e1/9a/3c94de5ce642830167e6d00b5c75aacd73e6347b4c7fc6828699b150a5ee/ruff-0.15.0-py3-none-musllinux_1_2_armv7l.whl", hash = "sha256:afb6e603d6375ff0d6b0cee563fa21ab570fd15e65c852cb24922cef25050cf1", size = 10195750, upload-time = "2026-02-03T17:53:26.084Z" },
    { url = "https://files.pythonhosted.org/packages/30/15/e396325080d600b436acc970848d69df9c13977942fb62bb8722d729bee8/ruff-0.15.0-py3-none-musllinux_1_2_i686.whl", hash = "sha256:77e515f6b15f828b94dc17d2b4ace334c9ddb7d9468c54b2f9ed2b9c1593ef16", size = 10676120, upload-time = "2026-02-03T17:53:09.363Z" },
    { url = "https://files.pythonhosted.org/packages/8d/c9/229a23d52a2983de1ad0fb0ee37d36e0257e6f28bfd6b498ee2c76361874/ruff-0.15.0-py3-none-musllinux_1_2_x86_64.whl", hash = "sha256:6f6e80850a01eb13b3e42ee0ebdf6e4497151b48c35051aab51c101266d187a3", size = 11201636, upload-time = "2026-02-03T17:52:57.281Z" },
    { url = "https://files.pythonhosted.org/packages/6f/b0/69adf22f4e24f3677208adb715c578266842e6e6a3cc77483f48dd999ede/ruff-0.15.0-py3-none-win32.whl", hash = "sha256:238a717ef803e501b6d51e0bdd0d2c6e8513fe9eec14002445134d3907cd46c3", size = 10465945, upload-time = "2026-02-03T17:53:12.591Z" },
    { url = "https://files.pythonhosted.org/packages/51/ad/f813b6e2c97e9b4598be25e94a9147b9af7e60523b0cb5d94d307c15229d/ruff-0.15.0-py3-none-win_amd64.whl", hash = "sha256:dd5e4d3301dc01de614da3cdffc33d4b1b96fb89e45721f1598e5532ccf78b18", size = 11564657, upload-time = "2026-02-03T17:52:51.893Z" },
    { url = "https://files.pythonhosted.org/packages/f6/b0/2d823f6e77ebe560f4e397d078487e8d52c1516b331e3521bc75db4272ca/ruff-0.15.0-py3-none-win_arm64.whl", hash = "sha256:c480d632cc0ca3f0727acac8b7d053542d9e114a462a145d0b00e7cd658c515a", size = 10865753, upload-time = "2026-02-03T17:53:03.014Z" },
]
